
Microsoft Visual Studio Solution File, Format Version 12.00
# Visual Studio Version 17
VisualStudioVersion = 17.9.34622.214
MinimumVisualStudioVersion = 10.0.40219.1
Project("{C9674DCB-5085-4A16-B785-4C70DD1589BD}") = "Q4_DWH_Project", "Q4_DWH_Project\Q4_DWH_Project.dtproj", "{9E7BE923-5A61-479C-B8EE-6016AEA3B579}"
EndProject
Global
	GlobalSection(SolutionConfigurationPlatforms) = preSolution
		Development|Default = Development|Default
	EndGlobalSection
	GlobalSection(ProjectConfigurationPlatforms) = postSolution
		{9E7BE923-5A61-479C-B8EE-6016AEA3B579}.Development|Default.ActiveCfg = Development
		{9E7BE923-5A61-479C-B8EE-6016AEA3B579}.Development|Default.Build.0 = Development
	EndGlobalSection
	GlobalSection(SolutionProperties) = preSolution
		HideSolutionNode = FALSE
	EndGlobalSection
	GlobalSection(ExtensibilityGlobals) = postSolution
		SolutionGuid = {457AB119-6907-411B-9948-286847330F4F}
	EndGlobalSection
EndGlobal
